
Microsoft Visual Studio Solution File, Format Version 12.00
# Visual Studio 14
VisualStudioVersion = 14.0.25123.0
MinimumVisualStudioVersion = 10.0.40219.1
Project("{FAE04EC0-301F-11D3-BF4B-00C04F79EFBC}") = "VentureLab", "VentureLab\VentureLab.csproj", "{1C47208E-8F5E-41A9-A4B7-325877C1A136}"
EndProject
Project("{FAE04EC0-301F-11D3-BF4B-00C04F79EFBC}") = "VentureLabTests", "VentureLabTests\VentureLabTests.csproj", "{F991CDC3-E386-4817-BBF6-DB9C34789643}"
EndProject
Project("{FAE04EC0-301F-11D3-BF4B-00C04F79EFBC}") = "VentureLabDrills", "VentureLabDrills\VentureLabDrills.csproj", "{6B4ABC54-DA1D-461A-89A6-F3E86CF8AC9A}"
EndProject
Global
	GlobalSection(SolutionConfigurationPlatforms) = preSolution
		Debug|Any CPU = Debug|Any CPU
		Release|Any CPU = Release|Any CPU
	EndGlobalSection
	GlobalSection(ProjectConfigurationPlatforms) = postSolution
		{1C47208E-8F5E-41A9-A4B7-325877C1A136}.Debug|Any CPU.ActiveCfg = Debug|Any CPU
		{1C47208E-8F5E-41A9-A4B7-325877C1A136}.Debug|Any CPU.Build.0 = Debug|Any CPU
		{1C47208E-8F5E-41A9-A4B7-325877C1A136}.Release|Any CPU.ActiveCfg = Release|Any CPU
		{1C47208E-8F5E-41A9-A4B7-325877C1A136}.Release|Any CPU.Build.0 = Release|Any CPU
		{F991CDC3-E386-4817-BBF6-DB9C34789643}.Debug|Any CPU.ActiveCfg = Debug|Any CPU
		{F991CDC3-E386-4817-BBF6-DB9C34789643}.Debug|Any CPU.Build.0 = Debug|Any CPU
		{F991CDC3-E386-4817-BBF6-DB9C34789643}.Release|Any CPU.ActiveCfg = Release|Any CPU
		{F991CDC3-E386-4817-BBF6-DB9C34789643}.Release|Any CPU.Build.0 = Release|Any CPU
		{6B4ABC54-DA1D-461A-89A6-F3E86CF8AC9A}.Debug|Any CPU.ActiveCfg = Debug|Any CPU
		{6B4ABC54-DA1D-461A-89A6-F3E86CF8AC9A}.Debug|Any CPU.Build.0 = Debug|Any CPU
		{6B4ABC54-DA1D-461A-89A6-F3E86CF8AC9A}.Release|Any CPU.ActiveCfg = Release|Any CPU
		{6B4ABC54-DA1D-461A-89A6-F3E86CF8AC9A}.Release|Any CPU.Build.0 = Release|Any CPU
	EndGlobalSection
	GlobalSection(SolutionProperties) = preSolution
		HideSolutionNode = FALSE
	EndGlobalSection
EndGlobal
