
Microsoft Visual Studio Solution File, Format Version 12.00
# Visual Studio 15
VisualStudioVersion = 15.0.27130.2010
MinimumVisualStudioVersion = 10.0.40219.1
Project("{FAE04EC0-301F-11D3-BF4B-00C04F79EFBC}") = "VentureLabTests", "VentureLabTests\VentureLabTests.csproj", "{F991CDC3-E386-4817-BBF6-DB9C34789643}"
EndProject
Project("{9A19103F-16F7-4668-BE54-9A1E7A4F7556}") = "QLoggerStd", "..\qlogger\QLogger\QLoggerStd.csproj", "{C7E9357D-63C2-4A44-A50C-B82CEC43BC20}"
EndProject
Project("{9A19103F-16F7-4668-BE54-9A1E7A4F7556}") = "VentureLabDrills", "VentureLabDrills\VentureLabDrills.csproj", "{ABDBFB7C-44FC-4BA4-960F-786828EB7253}"
EndProject
Project("{FAE04EC0-301F-11D3-BF4B-00C04F79EFBC}") = "VentureClient", "VentureClient\VentureClient.csproj", "{F3687232-524E-445B-A887-2DF799702ABB}"
EndProject
Project("{9A19103F-16F7-4668-BE54-9A1E7A4F7556}") = "VentureLab", "VentureLab\VentureLab.csproj", "{ED04406E-381C-40F5-828D-F2F3CB76A6DB}"
EndProject
Project("{9A19103F-16F7-4668-BE54-9A1E7A4F7556}") = "VentureCommon", "VentureCommon\VentureCommon.csproj", "{0C54844E-4216-406B-B760-25C55FBDE0B5}"
EndProject
Project("{9A19103F-16F7-4668-BE54-9A1E7A4F7556}") = "VentureVisualization", "VentureVisualization\VentureVisualization.csproj", "{CE2BAA20-163E-42DD-BA7C-C087202DBEDE}"
EndProject
Global
	GlobalSection(SolutionConfigurationPlatforms) = preSolution
		Debug|Any CPU = Debug|Any CPU
		Debug|ARM = Debug|ARM
		Debug|x64 = Debug|x64
		Debug|x86 = Debug|x86
		Release|Any CPU = Release|Any CPU
		Release|ARM = Release|ARM
		Release|x64 = Release|x64
		Release|x86 = Release|x86
	EndGlobalSection
	GlobalSection(ProjectConfigurationPlatforms) = postSolution
		{F991CDC3-E386-4817-BBF6-DB9C34789643}.Debug|Any CPU.ActiveCfg = Debug|Any CPU
		{F991CDC3-E386-4817-BBF6-DB9C34789643}.Debug|Any CPU.Build.0 = Debug|Any CPU
		{F991CDC3-E386-4817-BBF6-DB9C34789643}.Debug|ARM.ActiveCfg = Debug|Any CPU
		{F991CDC3-E386-4817-BBF6-DB9C34789643}.Debug|ARM.Build.0 = Debug|Any CPU
		{F991CDC3-E386-4817-BBF6-DB9C34789643}.Debug|x64.ActiveCfg = Debug|Any CPU
		{F991CDC3-E386-4817-BBF6-DB9C34789643}.Debug|x64.Build.0 = Debug|Any CPU
		{F991CDC3-E386-4817-BBF6-DB9C34789643}.Debug|x86.ActiveCfg = Debug|Any CPU
		{F991CDC3-E386-4817-BBF6-DB9C34789643}.Debug|x86.Build.0 = Debug|Any CPU
		{F991CDC3-E386-4817-BBF6-DB9C34789643}.Release|Any CPU.ActiveCfg = Release|Any CPU
		{F991CDC3-E386-4817-BBF6-DB9C34789643}.Release|Any CPU.Build.0 = Release|Any CPU
		{F991CDC3-E386-4817-BBF6-DB9C34789643}.Release|ARM.ActiveCfg = Release|Any CPU
		{F991CDC3-E386-4817-BBF6-DB9C34789643}.Release|ARM.Build.0 = Release|Any CPU
		{F991CDC3-E386-4817-BBF6-DB9C34789643}.Release|x64.ActiveCfg = Release|Any CPU
		{F991CDC3-E386-4817-BBF6-DB9C34789643}.Release|x64.Build.0 = Release|Any CPU
		{F991CDC3-E386-4817-BBF6-DB9C34789643}.Release|x86.ActiveCfg = Release|Any CPU
		{F991CDC3-E386-4817-BBF6-DB9C34789643}.Release|x86.Build.0 = Release|Any CPU
		{C7E9357D-63C2-4A44-A50C-B82CEC43BC20}.Debug|Any CPU.ActiveCfg = Debug|Any CPU
		{C7E9357D-63C2-4A44-A50C-B82CEC43BC20}.Debug|Any CPU.Build.0 = Debug|Any CPU
		{C7E9357D-63C2-4A44-A50C-B82CEC43BC20}.Debug|ARM.ActiveCfg = Debug|Any CPU
		{C7E9357D-63C2-4A44-A50C-B82CEC43BC20}.Debug|ARM.Build.0 = Debug|Any CPU
		{C7E9357D-63C2-4A44-A50C-B82CEC43BC20}.Debug|x64.ActiveCfg = Debug|Any CPU
		{C7E9357D-63C2-4A44-A50C-B82CEC43BC20}.Debug|x64.Build.0 = Debug|Any CPU
		{C7E9357D-63C2-4A44-A50C-B82CEC43BC20}.Debug|x86.ActiveCfg = Debug|Any CPU
		{C7E9357D-63C2-4A44-A50C-B82CEC43BC20}.Debug|x86.Build.0 = Debug|Any CPU
		{C7E9357D-63C2-4A44-A50C-B82CEC43BC20}.Release|Any CPU.ActiveCfg = Release|Any CPU
		{C7E9357D-63C2-4A44-A50C-B82CEC43BC20}.Release|Any CPU.Build.0 = Release|Any CPU
		{C7E9357D-63C2-4A44-A50C-B82CEC43BC20}.Release|ARM.ActiveCfg = Release|Any CPU
		{C7E9357D-63C2-4A44-A50C-B82CEC43BC20}.Release|ARM.Build.0 = Release|Any CPU
		{C7E9357D-63C2-4A44-A50C-B82CEC43BC20}.Release|x64.ActiveCfg = Release|Any CPU
		{C7E9357D-63C2-4A44-A50C-B82CEC43BC20}.Release|x64.Build.0 = Release|Any CPU
		{C7E9357D-63C2-4A44-A50C-B82CEC43BC20}.Release|x86.ActiveCfg = Release|Any CPU
		{C7E9357D-63C2-4A44-A50C-B82CEC43BC20}.Release|x86.Build.0 = Release|Any CPU
		{ABDBFB7C-44FC-4BA4-960F-786828EB7253}.Debug|Any CPU.ActiveCfg = Debug|Any CPU
		{ABDBFB7C-44FC-4BA4-960F-786828EB7253}.Debug|Any CPU.Build.0 = Debug|Any CPU
		{ABDBFB7C-44FC-4BA4-960F-786828EB7253}.Debug|ARM.ActiveCfg = Debug|Any CPU
		{ABDBFB7C-44FC-4BA4-960F-786828EB7253}.Debug|ARM.Build.0 = Debug|Any CPU
		{ABDBFB7C-44FC-4BA4-960F-786828EB7253}.Debug|x64.ActiveCfg = Debug|Any CPU
		{ABDBFB7C-44FC-4BA4-960F-786828EB7253}.Debug|x64.Build.0 = Debug|Any CPU
		{ABDBFB7C-44FC-4BA4-960F-786828EB7253}.Debug|x86.ActiveCfg = Debug|Any CPU
		{ABDBFB7C-44FC-4BA4-960F-786828EB7253}.Debug|x86.Build.0 = Debug|Any CPU
		{ABDBFB7C-44FC-4BA4-960F-786828EB7253}.Release|Any CPU.ActiveCfg = Release|Any CPU
		{ABDBFB7C-44FC-4BA4-960F-786828EB7253}.Release|Any CPU.Build.0 = Release|Any CPU
		{ABDBFB7C-44FC-4BA4-960F-786828EB7253}.Release|ARM.ActiveCfg = Release|Any CPU
		{ABDBFB7C-44FC-4BA4-960F-786828EB7253}.Release|ARM.Build.0 = Release|Any CPU
		{ABDBFB7C-44FC-4BA4-960F-786828EB7253}.Release|x64.ActiveCfg = Release|Any CPU
		{ABDBFB7C-44FC-4BA4-960F-786828EB7253}.Release|x64.Build.0 = Release|Any CPU
		{ABDBFB7C-44FC-4BA4-960F-786828EB7253}.Release|x86.ActiveCfg = Release|Any CPU
		{ABDBFB7C-44FC-4BA4-960F-786828EB7253}.Release|x86.Build.0 = Release|Any CPU
		{F3687232-524E-445B-A887-2DF799702ABB}.Debug|Any CPU.ActiveCfg = Debug|x86
		{F3687232-524E-445B-A887-2DF799702ABB}.Debug|ARM.ActiveCfg = Debug|ARM
		{F3687232-524E-445B-A887-2DF799702ABB}.Debug|ARM.Build.0 = Debug|ARM
		{F3687232-524E-445B-A887-2DF799702ABB}.Debug|ARM.Deploy.0 = Debug|ARM
		{F3687232-524E-445B-A887-2DF799702ABB}.Debug|x64.ActiveCfg = Debug|x64
		{F3687232-524E-445B-A887-2DF799702ABB}.Debug|x64.Build.0 = Debug|x64
		{F3687232-524E-445B-A887-2DF799702ABB}.Debug|x64.Deploy.0 = Debug|x64
		{F3687232-524E-445B-A887-2DF799702ABB}.Debug|x86.ActiveCfg = Debug|x86
		{F3687232-524E-445B-A887-2DF799702ABB}.Debug|x86.Build.0 = Debug|x86
		{F3687232-524E-445B-A887-2DF799702ABB}.Debug|x86.Deploy.0 = Debug|x86
		{F3687232-524E-445B-A887-2DF799702ABB}.Release|Any CPU.ActiveCfg = Release|x86
		{F3687232-524E-445B-A887-2DF799702ABB}.Release|ARM.ActiveCfg = Release|ARM
		{F3687232-524E-445B-A887-2DF799702ABB}.Release|ARM.Build.0 = Release|ARM
		{F3687232-524E-445B-A887-2DF799702ABB}.Release|ARM.Deploy.0 = Release|ARM
		{F3687232-524E-445B-A887-2DF799702ABB}.Release|x64.ActiveCfg = Release|x64
		{F3687232-524E-445B-A887-2DF799702ABB}.Release|x64.Build.0 = Release|x64
		{F3687232-524E-445B-A887-2DF799702ABB}.Release|x64.Deploy.0 = Release|x64
		{F3687232-524E-445B-A887-2DF799702ABB}.Release|x86.ActiveCfg = Release|x86
		{F3687232-524E-445B-A887-2DF799702ABB}.Release|x86.Build.0 = Release|x86
		{F3687232-524E-445B-A887-2DF799702ABB}.Release|x86.Deploy.0 = Release|x86
		{ED04406E-381C-40F5-828D-F2F3CB76A6DB}.Debug|Any CPU.ActiveCfg = Debug|Any CPU
		{ED04406E-381C-40F5-828D-F2F3CB76A6DB}.Debug|Any CPU.Build.0 = Debug|Any CPU
		{ED04406E-381C-40F5-828D-F2F3CB76A6DB}.Debug|ARM.ActiveCfg = Debug|Any CPU
		{ED04406E-381C-40F5-828D-F2F3CB76A6DB}.Debug|ARM.Build.0 = Debug|Any CPU
		{ED04406E-381C-40F5-828D-F2F3CB76A6DB}.Debug|x64.ActiveCfg = Debug|Any CPU
		{ED04406E-381C-40F5-828D-F2F3CB76A6DB}.Debug|x64.Build.0 = Debug|Any CPU
		{ED04406E-381C-40F5-828D-F2F3CB76A6DB}.Debug|x86.ActiveCfg = Debug|Any CPU
		{ED04406E-381C-40F5-828D-F2F3CB76A6DB}.Debug|x86.Build.0 = Debug|Any CPU
		{ED04406E-381C-40F5-828D-F2F3CB76A6DB}.Release|Any CPU.ActiveCfg = Release|Any CPU
		{ED04406E-381C-40F5-828D-F2F3CB76A6DB}.Release|Any CPU.Build.0 = Release|Any CPU
		{ED04406E-381C-40F5-828D-F2F3CB76A6DB}.Release|ARM.ActiveCfg = Release|Any CPU
		{ED04406E-381C-40F5-828D-F2F3CB76A6DB}.Release|ARM.Build.0 = Release|Any CPU
		{ED04406E-381C-40F5-828D-F2F3CB76A6DB}.Release|x64.ActiveCfg = Release|Any CPU
		{ED04406E-381C-40F5-828D-F2F3CB76A6DB}.Release|x64.Build.0 = Release|Any CPU
		{ED04406E-381C-40F5-828D-F2F3CB76A6DB}.Release|x86.ActiveCfg = Release|Any CPU
		{ED04406E-381C-40F5-828D-F2F3CB76A6DB}.Release|x86.Build.0 = Release|Any CPU
		{0C54844E-4216-406B-B760-25C55FBDE0B5}.Debug|Any CPU.ActiveCfg = Debug|Any CPU
		{0C54844E-4216-406B-B760-25C55FBDE0B5}.Debug|Any CPU.Build.0 = Debug|Any CPU
		{0C54844E-4216-406B-B760-25C55FBDE0B5}.Debug|ARM.ActiveCfg = Debug|Any CPU
		{0C54844E-4216-406B-B760-25C55FBDE0B5}.Debug|ARM.Build.0 = Debug|Any CPU
		{0C54844E-4216-406B-B760-25C55FBDE0B5}.Debug|x64.ActiveCfg = Debug|Any CPU
		{0C54844E-4216-406B-B760-25C55FBDE0B5}.Debug|x64.Build.0 = Debug|Any CPU
		{0C54844E-4216-406B-B760-25C55FBDE0B5}.Debug|x86.ActiveCfg = Debug|Any CPU
		{0C54844E-4216-406B-B760-25C55FBDE0B5}.Debug|x86.Build.0 = Debug|Any CPU
		{0C54844E-4216-406B-B760-25C55FBDE0B5}.Release|Any CPU.ActiveCfg = Release|Any CPU
		{0C54844E-4216-406B-B760-25C55FBDE0B5}.Release|Any CPU.Build.0 = Release|Any CPU
		{0C54844E-4216-406B-B760-25C55FBDE0B5}.Release|ARM.ActiveCfg = Release|Any CPU
		{0C54844E-4216-406B-B760-25C55FBDE0B5}.Release|ARM.Build.0 = Release|Any CPU
		{0C54844E-4216-406B-B760-25C55FBDE0B5}.Release|x64.ActiveCfg = Release|Any CPU
		{0C54844E-4216-406B-B760-25C55FBDE0B5}.Release|x64.Build.0 = Release|Any CPU
		{0C54844E-4216-406B-B760-25C55FBDE0B5}.Release|x86.ActiveCfg = Release|Any CPU
		{0C54844E-4216-406B-B760-25C55FBDE0B5}.Release|x86.Build.0 = Release|Any CPU
		{CE2BAA20-163E-42DD-BA7C-C087202DBEDE}.Debug|Any CPU.ActiveCfg = Debug|Any CPU
		{CE2BAA20-163E-42DD-BA7C-C087202DBEDE}.Debug|Any CPU.Build.0 = Debug|Any CPU
		{CE2BAA20-163E-42DD-BA7C-C087202DBEDE}.Debug|ARM.ActiveCfg = Debug|Any CPU
		{CE2BAA20-163E-42DD-BA7C-C087202DBEDE}.Debug|ARM.Build.0 = Debug|Any CPU
		{CE2BAA20-163E-42DD-BA7C-C087202DBEDE}.Debug|x64.ActiveCfg = Debug|Any CPU
		{CE2BAA20-163E-42DD-BA7C-C087202DBEDE}.Debug|x64.Build.0 = Debug|Any CPU
		{CE2BAA20-163E-42DD-BA7C-C087202DBEDE}.Debug|x86.ActiveCfg = Debug|Any CPU
		{CE2BAA20-163E-42DD-BA7C-C087202DBEDE}.Debug|x86.Build.0 = Debug|Any CPU
		{CE2BAA20-163E-42DD-BA7C-C087202DBEDE}.Release|Any CPU.ActiveCfg = Release|Any CPU
		{CE2BAA20-163E-42DD-BA7C-C087202DBEDE}.Release|Any CPU.Build.0 = Release|Any CPU
		{CE2BAA20-163E-42DD-BA7C-C087202DBEDE}.Release|ARM.ActiveCfg = Release|Any CPU
		{CE2BAA20-163E-42DD-BA7C-C087202DBEDE}.Release|ARM.Build.0 = Release|Any CPU
		{CE2BAA20-163E-42DD-BA7C-C087202DBEDE}.Release|x64.ActiveCfg = Release|Any CPU
		{CE2BAA20-163E-42DD-BA7C-C087202DBEDE}.Release|x64.Build.0 = Release|Any CPU
		{CE2BAA20-163E-42DD-BA7C-C087202DBEDE}.Release|x86.ActiveCfg = Release|Any CPU
		{CE2BAA20-163E-42DD-BA7C-C087202DBEDE}.Release|x86.Build.0 = Release|Any CPU
	EndGlobalSection
	GlobalSection(SolutionProperties) = preSolution
		HideSolutionNode = FALSE
	EndGlobalSection
	GlobalSection(ExtensibilityGlobals) = postSolution
		SolutionGuid = {C30CB6A8-A990-4F4A-8D83-30FC009D39CD}
	EndGlobalSection
EndGlobal
